
Microsoft Visual Studio Solution File, Format Version 12.00
# Visual Studio Version 16
VisualStudioVersion = 16.0.30320.27
MinimumVisualStudioVersion = 10.0.40219.1
Project("{8BC9CEB8-8B4A-11D0-8D11-00A0C91BC942}") = "Test9_3", "Test9_3\Test9_3.vcxproj", "{033ED850-ACFE-4A2A-9EC5-1BB2FE180ECD}"
EndProject
Global
	GlobalSection(SolutionConfigurationPlatforms) = preSolution
		Debug|x64 = Debug|x64
		Debug|x86 = Debug|x86
		Release|x64 = Release|x64
		Release|x86 = Release|x86
	EndGlobalSection
	GlobalSection(ProjectConfigurationPlatforms) = postSolution
		{033ED850-ACFE-4A2A-9EC5-1BB2FE180ECD}.Debug|x64.ActiveCfg = Debug|x64
		{033ED850-ACFE-4A2A-9EC5-1BB2FE180ECD}.Debug|x64.Build.0 = Debug|x64
		{033ED850-ACFE-4A2A-9EC5-1BB2FE180ECD}.Debug|x86.ActiveCfg = Debug|Win32
		{033ED850-ACFE-4A2A-9EC5-1BB2FE180ECD}.Debug|x86.Build.0 = Debug|Win32
		{033ED850-ACFE-4A2A-9EC5-1BB2FE180ECD}.Release|x64.ActiveCfg = Release|x64
		{033ED850-ACFE-4A2A-9EC5-1BB2FE180ECD}.Release|x64.Build.0 = Release|x64
		{033ED850-ACFE-4A2A-9EC5-1BB2FE180ECD}.Release|x86.ActiveCfg = Release|Win32
		{033ED850-ACFE-4A2A-9EC5-1BB2FE180ECD}.Release|x86.Build.0 = Release|Win32
	EndGlobalSection
	GlobalSection(SolutionProperties) = preSolution
		HideSolutionNode = FALSE
	EndGlobalSection
	GlobalSection(ExtensibilityGlobals) = postSolution
		SolutionGuid = {CC06C1C2-6835-4D10-8692-72CC5440F897}
	EndGlobalSection
EndGlobal
