
Microsoft Visual Studio Solution File, Format Version 12.00
# Visual Studio Version 16
VisualStudioVersion = 16.0.30309.148
MinimumVisualStudioVersion = 10.0.40219.1
Project("{8BC9CEB8-8B4A-11D0-8D11-00A0C91BC942}") = "ConsoleApplication1", "ConsoleApplication1\ConsoleApplication1.vcxproj", "{A3D5F52D-BD7B-454A-89BF-0D6D99638D10}"
EndProject
Global
	GlobalSection(SolutionConfigurationPlatforms) = preSolution
		Debug|x64 = Debug|x64
		Debug|x86 = Debug|x86
		Release|x64 = Release|x64
		Release|x86 = Release|x86
	EndGlobalSection
	GlobalSection(ProjectConfigurationPlatforms) = postSolution
		{A3D5F52D-BD7B-454A-89BF-0D6D99638D10}.Debug|x64.ActiveCfg = Debug|x64
		{A3D5F52D-BD7B-454A-89BF-0D6D99638D10}.Debug|x64.Build.0 = Debug|x64
		{A3D5F52D-BD7B-454A-89BF-0D6D99638D10}.Debug|x86.ActiveCfg = Debug|Win32
		{A3D5F52D-BD7B-454A-89BF-0D6D99638D10}.Debug|x86.Build.0 = Debug|Win32
		{A3D5F52D-BD7B-454A-89BF-0D6D99638D10}.Release|x64.ActiveCfg = Release|x64
		{A3D5F52D-BD7B-454A-89BF-0D6D99638D10}.Release|x64.Build.0 = Release|x64
		{A3D5F52D-BD7B-454A-89BF-0D6D99638D10}.Release|x86.ActiveCfg = Release|Win32
		{A3D5F52D-BD7B-454A-89BF-0D6D99638D10}.Release|x86.Build.0 = Release|Win32
	EndGlobalSection
	GlobalSection(SolutionProperties) = preSolution
		HideSolutionNode = FALSE
	EndGlobalSection
	GlobalSection(ExtensibilityGlobals) = postSolution
		SolutionGuid = {E5880D08-6035-4C6B-BD48-CF3B035883F7}
	EndGlobalSection
EndGlobal
